
Microsoft Visual Studio Solution File, Format Version 12.00
# Visual Studio Version 16
VisualStudioVersion = 16.0.31729.503
MinimumVisualStudioVersion = 10.0.40219.1
Project("{FAE04EC0-301F-11D3-BF4B-00C04F79EFBC}") = "PasswordManager", "PasswordManager\PasswordManager.csproj", "{5FDD0161-641D-4370-89DB-F0D631F01460}"
EndProject
Global
	GlobalSection(SolutionConfigurationPlatforms) = preSolution
		Debug|Any CPU = Debug|Any CPU
		Release|Any CPU = Release|Any CPU
	EndGlobalSection
	GlobalSection(ProjectConfigurationPlatforms) = postSolution
		{5FDD0161-641D-4370-89DB-F0D631F01460}.Debug|Any CPU.ActiveCfg = Debug|Any CPU
		{5FDD0161-641D-4370-89DB-F0D631F01460}.Debug|Any CPU.Build.0 = Debug|Any CPU
		{5FDD0161-641D-4370-89DB-F0D631F01460}.Release|Any CPU.ActiveCfg = Release|Any CPU
		{5FDD0161-641D-4370-89DB-F0D631F01460}.Release|Any CPU.Build.0 = Release|Any CPU
	EndGlobalSection
	GlobalSection(SolutionProperties) = preSolution
		HideSolutionNode = FALSE
	EndGlobalSection
	GlobalSection(ExtensibilityGlobals) = postSolution
		SolutionGuid = {49A724BD-B608-473F-BCD3-4E4382FFB12C}
	EndGlobalSection
EndGlobal
